Microsoft Visual Studio Solution File, Format Version 12.00
# Visual Studio 15
VisualStudioVersion = 15.0.26124.0
MinimumVisualStudioVersion = 15.0.26124.0
Project("{9A19103F-16F7-4668-BE54-9A1E7A4F7556}") = "SimpleJsonService", "SimpleJsonService\SimpleJsonService.csproj", "{AE1DF333-0530-45C5-A443-EACA091A4B53}"
EndProject
Project("{9A19103F-16F7-4668-BE54-9A1E7A4F7556}") = "Example", "Example\Example.csproj", "{4FECA993-DA25-484E-B802-AF815D0BA2D5}"
EndProject
Global
	GlobalSection(SolutionConfigurationPlatforms) = preSolution
		Debug|Any CPU = Debug|Any CPU
		Debug|x64 = Debug|x64
		Debug|x86 = Debug|x86
		Release|Any CPU = Release|Any CPU
		Release|x64 = Release|x64
		Release|x86 = Release|x86
	EndGlobalSection
	GlobalSection(ProjectConfigurationPlatforms) = postSolution
		{AE1DF333-0530-45C5-A443-EACA091A4B53}.Debug|Any CPU.ActiveCfg = Debug|Any CPU
		{AE1DF333-0530-45C5-A443-EACA091A4B53}.Debug|Any CPU.Build.0 = Debug|Any CPU
		{AE1DF333-0530-45C5-A443-EACA091A4B53}.Debug|x64.ActiveCfg = Debug|Any CPU
		{AE1DF333-0530-45C5-A443-EACA091A4B53}.Debug|x64.Build.0 = Debug|Any CPU
		{AE1DF333-0530-45C5-A443-EACA091A4B53}.Debug|x86.ActiveCfg = Debug|Any CPU
		{AE1DF333-0530-45C5-A443-EACA091A4B53}.Debug|x86.Build.0 = Debug|Any CPU
		{AE1DF333-0530-45C5-A443-EACA091A4B53}.Release|Any CPU.ActiveCfg = Release|Any CPU
		{AE1DF333-0530-45C5-A443-EACA091A4B53}.Release|Any CPU.Build.0 = Release|Any CPU
		{AE1DF333-0530-45C5-A443-EACA091A4B53}.Release|x64.ActiveCfg = Release|Any CPU
		{AE1DF333-0530-45C5-A443-EACA091A4B53}.Release|x64.Build.0 = Release|Any CPU
		{AE1DF333-0530-45C5-A443-EACA091A4B53}.Release|x86.ActiveCfg = Release|Any CPU
		{AE1DF333-0530-45C5-A443-EACA091A4B53}.Release|x86.Build.0 = Release|Any CPU
		{4FECA993-DA25-484E-B802-AF815D0BA2D5}.Debug|Any CPU.ActiveCfg = Debug|Any CPU
		{4FECA993-DA25-484E-B802-AF815D0BA2D5}.Debug|Any CPU.Build.0 = Debug|Any CPU
		{4FECA993-DA25-484E-B802-AF815D0BA2D5}.Debug|x64.ActiveCfg = Debug|Any CPU
		{4FECA993-DA25-484E-B802-AF815D0BA2D5}.Debug|x64.Build.0 = Debug|Any CPU
		{4FECA993-DA25-484E-B802-AF815D0BA2D5}.Debug|x86.ActiveCfg = Debug|Any CPU
		{4FECA993-DA25-484E-B802-AF815D0BA2D5}.Debug|x86.Build.0 = Debug|Any CPU
		{4FECA993-DA25-484E-B802-AF815D0BA2D5}.Release|Any CPU.ActiveCfg = Release|Any CPU
		{4FECA993-DA25-484E-B802-AF815D0BA2D5}.Release|Any CPU.Build.0 = Release|Any CPU
		{4FECA993-DA25-484E-B802-AF815D0BA2D5}.Release|x64.ActiveCfg = Release|Any CPU
		{4FECA993-DA25-484E-B802-AF815D0BA2D5}.Release|x64.Build.0 = Release|Any CPU
		{4FECA993-DA25-484E-B802-AF815D0BA2D5}.Release|x86.ActiveCfg = Release|Any CPU
		{4FECA993-DA25-484E-B802-AF815D0BA2D5}.Release|x86.Build.0 = Release|Any CPU
	EndGlobalSection
	GlobalSection(SolutionProperties) = preSolution
		HideSolutionNode = FALSE
	EndGlobalSection
	GlobalSection(ExtensibilityGlobals) = postSolution
		SolutionGuid = {3332FF85-A213-4D89-A7DE-9B13E223EC71}
	EndGlobalSection
EndGlobal
